
Microsoft Visual Studio Solution File, Format Version 12.00
# Visual Studio 15
VisualStudioVersion = 15.0.28307.572
MinimumVisualStudioVersion = 10.0.40219.1
Project("{FAE04EC0-301F-11D3-BF4B-00C04F79EFBC}") = "ClothesShop", "ClothesShop\ClothesShop.csproj", "{9B376E8E-5556-4ECC-BB12-7FCC5BD93169}"
EndProject
Global
	GlobalSection(SolutionConfigurationPlatforms) = preSolution
		Debug|Any CPU = Debug|Any CPU
		Release|Any CPU = Release|Any CPU
	EndGlobalSection
	GlobalSection(ProjectConfigurationPlatforms) = postSolution
		{9B376E8E-5556-4ECC-BB12-7FCC5BD93169}.Debug|Any CPU.ActiveCfg = Debug|Any CPU
		{9B376E8E-5556-4ECC-BB12-7FCC5BD93169}.Debug|Any CPU.Build.0 = Debug|Any CPU
		{9B376E8E-5556-4ECC-BB12-7FCC5BD93169}.Release|Any CPU.ActiveCfg = Release|Any CPU
		{9B376E8E-5556-4ECC-BB12-7FCC5BD93169}.Release|Any CPU.Build.0 = Release|Any CPU
	EndGlobalSection
	GlobalSection(SolutionProperties) = preSolution
		HideSolutionNode = FALSE
	EndGlobalSection
	GlobalSection(ExtensibilityGlobals) = postSolution
		SolutionGuid = {3A917781-4BF7-42CB-B8CD-D09B2F74116B}
	EndGlobalSection
EndGlobal
